
Microsoft Visual Studio Solution File, Format Version 12.00
# Visual Studio Version 17
VisualStudioVersion = 17.13.35828.75
MinimumVisualStudioVersion = 10.0.40219.1
Project("{8BC9CEB8-8B4A-11D0-8D11-00A0C91BC942}") = "squash", "squash\squash.vcxproj", "{CE0D43A8-C28D-4E34-94B0-FEAB38188C1C}"
EndProject
Project("{8BC9CEB8-8B4A-11D0-8D11-00A0C91BC942}") = "ExampleCPrograms", "ExampleCPrograms\ExampleCPrograms.vcxproj", "{A1A49110-BB21-4C87-B35A-3A261C3715B4}"
EndProject
Global
	GlobalSection(SolutionConfigurationPlatforms) = preSolution
		Debug|Any CPU = Debug|Any CPU
		Debug|x64 = Debug|x64
		Debug|x86 = Debug|x86
		Release|Any CPU = Release|Any CPU
		Release|x64 = Release|x64
		Release|x86 = Release|x86
	EndGlobalSection
	GlobalSection(ProjectConfigurationPlatforms) = postSolution
		{CE0D43A8-C28D-4E34-94B0-FEAB38188C1C}.Debug|Any CPU.ActiveCfg = Debug|x64
		{CE0D43A8-C28D-4E34-94B0-FEAB38188C1C}.Debug|Any CPU.Build.0 = Debug|x64
		{CE0D43A8-C28D-4E34-94B0-FEAB38188C1C}.Debug|x64.ActiveCfg = Debug|x64
		{CE0D43A8-C28D-4E34-94B0-FEAB38188C1C}.Debug|x64.Build.0 = Debug|x64
		{CE0D43A8-C28D-4E34-94B0-FEAB38188C1C}.Debug|x86.ActiveCfg = Debug|Win32
		{CE0D43A8-C28D-4E34-94B0-FEAB38188C1C}.Debug|x86.Build.0 = Debug|Win32
		{CE0D43A8-C28D-4E34-94B0-FEAB38188C1C}.Release|Any CPU.ActiveCfg = Release|x64
		{CE0D43A8-C28D-4E34-94B0-FEAB38188C1C}.Release|Any CPU.Build.0 = Release|x64
		{CE0D43A8-C28D-4E34-94B0-FEAB38188C1C}.Release|x64.ActiveCfg = Release|x64
		{CE0D43A8-C28D-4E34-94B0-FEAB38188C1C}.Release|x64.Build.0 = Release|x64
		{CE0D43A8-C28D-4E34-94B0-FEAB38188C1C}.Release|x86.ActiveCfg = Release|Win32
		{CE0D43A8-C28D-4E34-94B0-FEAB38188C1C}.Release|x86.Build.0 = Release|Win32
		{A1A49110-BB21-4C87-B35A-3A261C3715B4}.Debug|Any CPU.ActiveCfg = Debug|x64
		{A1A49110-BB21-4C87-B35A-3A261C3715B4}.Debug|Any CPU.Build.0 = Debug|x64
		{A1A49110-BB21-4C87-B35A-3A261C3715B4}.Debug|x64.ActiveCfg = Debug|x64
		{A1A49110-BB21-4C87-B35A-3A261C3715B4}.Debug|x64.Build.0 = Debug|x64
		{A1A49110-BB21-4C87-B35A-3A261C3715B4}.Debug|x86.ActiveCfg = Debug|Win32
		{A1A49110-BB21-4C87-B35A-3A261C3715B4}.Debug|x86.Build.0 = Debug|Win32
		{A1A49110-BB21-4C87-B35A-3A261C3715B4}.Release|Any CPU.ActiveCfg = Release|x64
		{A1A49110-BB21-4C87-B35A-3A261C3715B4}.Release|Any CPU.Build.0 = Release|x64
		{A1A49110-BB21-4C87-B35A-3A261C3715B4}.Release|x64.ActiveCfg = Release|x64
		{A1A49110-BB21-4C87-B35A-3A261C3715B4}.Release|x64.Build.0 = Release|x64
		{A1A49110-BB21-4C87-B35A-3A261C3715B4}.Release|x86.ActiveCfg = Release|Win32
		{A1A49110-BB21-4C87-B35A-3A261C3715B4}.Release|x86.Build.0 = Release|Win32
	EndGlobalSection
	GlobalSection(SolutionProperties) = preSolution
		HideSolutionNode = FALSE
	EndGlobalSection
	GlobalSection(ExtensibilityGlobals) = postSolution
		SolutionGuid = {512C409A-61FA-4C20-989A-EEE4F30E02D1}
	EndGlobalSection
EndGlobal
