<?xml version="1.0" encoding="utf-8"?>
<Project ToolsVersion="4.0" xmlns="http://schemas.microsoft.com/developer/msbuild/2003">
  <ItemGroup>
    <Filter Include="Source Files">
      <UniqueIdentifier>{4FC737F1-C7A5-4376-A066-2A32D752A2FF}</UniqueIdentifier>
      <Extensions>cpp;c;cc;cxx;c++;cppm;ixx;def;odl;idl;hpj;bat;asm;asmx</Extensions>
    </Filter>
    <Filter Include="Header Files">
      <UniqueIdentifier>{93995380-89BD-4b04-88EB-625FBE52EBFB}</UniqueIdentifier>
      <Extensions>h;hh;hpp;hxx;h++;hm;inl;inc;ipp;xsd</Extensions>
    </Filter>
    <Filter Include="Resource Files">
      <UniqueIdentifier>{67DA6AB6-F800-4c08-8B7A-83BB121AAD01}</UniqueIdentifier>
      <Extensions>rc;ico;cur;bmp;dlg;rc2;rct;bin;rgs;gif;jpg;jpeg;jpe;resx;tiff;tif;png;wav;mfcribbon-ms</Extensions>
    </Filter>
    <Filter Include="Iced">
      <UniqueIdentifier>{ff2d8843-9753-471b-8ca4-96953566cc16}</UniqueIdentifier>
    </Filter>
    <Filter Include="Source Files\Iced">
      <UniqueIdentifier>{45914248-9115-4909-be24-a459bc1f5671}</UniqueIdentifier>
    </Filter>
  </ItemGroup>
  <ItemGroup>
    <ClCompile Include="AST.c">
      <Filter>Source Files</Filter>
    </ClCompile>
    <ClCompile Include="EntryPoint.c">
      <Filter>Source Files</Filter>
    </ClCompile>
    <ClCompile Include="Symbols.c">
      <Filter>Source Files</Filter>
    </ClCompile>
    <ClCompile Include="List.c">
      <Filter>Source Files</Filter>
    </ClCompile>
    <ClCompile Include="Lexer.c">
      <Filter>Source Files</Filter>
    </ClCompile>
    <ClCompile Include="Optimiser.c">
      <Filter>Source Files</Filter>
    </ClCompile>
    <ClCompile Include="Assembler.c">
      <Filter>Source Files</Filter>
    </ClCompile>
    <ClCompile Include="sb.c">
      <Filter>Source Files</Filter>
    </ClCompile>
    <ClCompile Include="SquashCompiler.c">
      <Filter>Source Files</Filter>
    </ClCompile>
    <ClCompile Include="Minifier.c">
      <Filter>Source Files</Filter>
    </ClCompile>
    <ClCompile Include="Token.c">
      <Filter>Source Files</Filter>
    </ClCompile>
    <ClCompile Include="FileIO.c">
      <Filter>Source Files</Filter>
    </ClCompile>
    <ClCompile Include="Logger.c">
      <Filter>Source Files</Filter>
    </ClCompile>
    <ClCompile Include="Instruction.c">
      <Filter>Source Files\Iced</Filter>
    </ClCompile>
    <ClCompile Include="Instruction.Create.c">
      <Filter>Source Files\Iced</Filter>
    </ClCompile>
    <ClCompile Include="OpCodeInfo.c">
      <Filter>Source Files\Iced</Filter>
    </ClCompile>
    <ClCompile Include="EncoderInstructionSet.c">
      <Filter>Source Files\Iced</Filter>
    </ClCompile>
    <ClCompile Include="Encoder.c">
      <Filter>Source Files\Iced</Filter>
    </ClCompile>
    <ClCompile Include="Mnemonic.c">
      <Filter>Source Files\Iced</Filter>
    </ClCompile>
    <ClCompile Include="InstructionOpCounts.c">
      <Filter>Source Files\Iced</Filter>
    </ClCompile>
    <ClCompile Include="InstructionMemorySizes.c">
      <Filter>Source Files\Iced</Filter>
    </ClCompile>
    <ClCompile Include="OpCodeInfoData.c">
      <Filter>Source Files\Iced</Filter>
    </ClCompile>
    <ClCompile Include="rb_tree.c">
      <Filter>Source Files</Filter>
    </ClCompile>
    <ClCompile Include="pe_image_stream.c">
      <Filter>Source Files</Filter>
    </ClCompile>
  </ItemGroup>
  <ItemGroup>
    <ClInclude Include="Assembler.h">
      <Filter>Header Files</Filter>
    </ClInclude>
    <ClInclude Include="AST.h">
      <Filter>Header Files</Filter>
    </ClInclude>
    <ClInclude Include="Token.h">
      <Filter>Header Files</Filter>
    </ClInclude>
    <ClInclude Include="Symbols.h">
      <Filter>Header Files</Filter>
    </ClInclude>
    <ClInclude Include="List.h">
      <Filter>Header Files</Filter>
    </ClInclude>
    <ClInclude Include="Minifier.h">
      <Filter>Header Files</Filter>
    </ClInclude>
    <ClInclude Include="Lexer.h">
      <Filter>Header Files</Filter>
    </ClInclude>
    <ClInclude Include="Optimiser.h">
      <Filter>Header Files</Filter>
    </ClInclude>
    <ClInclude Include="sb.h">
      <Filter>Header Files</Filter>
    </ClInclude>
    <ClInclude Include="SquashCompiler.h">
      <Filter>Header Files</Filter>
    </ClInclude>
    <ClInclude Include="FileIO.h">
      <Filter>Header Files</Filter>
    </ClInclude>
    <ClInclude Include="Logger.h">
      <Filter>Header Files</Filter>
    </ClInclude>
    <ClInclude Include="EncoderInstructionSet.h">
      <Filter>Iced</Filter>
    </ClInclude>
    <ClInclude Include="Encoder.h">
      <Filter>Iced</Filter>
    </ClInclude>
    <ClInclude Include="OpCodeInfoData.h">
      <Filter>Iced</Filter>
    </ClInclude>
    <ClInclude Include="OpCodeInfo.h">
      <Filter>Iced</Filter>
    </ClInclude>
    <ClInclude Include="Mnemonic.h">
      <Filter>Iced</Filter>
    </ClInclude>
    <ClInclude Include="InstructionOpCounts.h">
      <Filter>Iced</Filter>
    </ClInclude>
    <ClInclude Include="InstructionMemorySizes.h">
      <Filter>Iced</Filter>
    </ClInclude>
    <ClInclude Include="Instruction.Create.h">
      <Filter>Iced</Filter>
    </ClInclude>
    <ClInclude Include="Instruction.h">
      <Filter>Iced</Filter>
    </ClInclude>
    <ClInclude Include="Enums.h">
      <Filter>Iced</Filter>
    </ClInclude>
    <ClInclude Include="MvexEHBit.h">
      <Filter>Iced</Filter>
    </ClInclude>
    <ClInclude Include="PrefixFlags.h">
      <Filter>Iced</Filter>
    </ClInclude>
    <ClInclude Include="Assembly.h">
      <Filter>Iced</Filter>
    </ClInclude>
    <ClInclude Include="RoundingControl.h">
      <Filter>Iced</Filter>
    </ClInclude>
    <ClInclude Include="rb_tree.h">
      <Filter>Header Files</Filter>
    </ClInclude>
    <ClInclude Include="pe_image_stream.h">
      <Filter>Header Files</Filter>
    </ClInclude>
    <ClInclude Include="nt-headers.h">
      <Filter>Header Files</Filter>
    </ClInclude>
    <ClInclude Include="exportent.h">
      <Filter>Header Files</Filter>
    </ClInclude>
  </ItemGroup>
  <ItemGroup>
    <None Include="Makefile" />
  </ItemGroup>
</Project>